
Microsoft Visual Studio Solution File, Format Version 12.00
# Visual Studio 15
VisualStudioVersion = 15.0.28307.572
MinimumVisualStudioVersion = 10.0.40219.1
Project("{8BC9CEB8-8B4A-11D0-8D11-00A0C91BC942}") = "CoalaMC_PersonalAssignment", "CoalaMC_PersonalAssignment\CoalaMC_PersonalAssignment.vcxproj", "{0FCD0EEB-8F94-4368-9856-51A907E908CF}"
EndProject
Global
	GlobalSection(SolutionConfigurationPlatforms) = preSolution
		Debug|x64 = Debug|x64
		Debug|x86 = Debug|x86
		Release|x64 = Release|x64
		Release|x86 = Release|x86
	EndGlobalSection
	GlobalSection(ProjectConfigurationPlatforms) = postSolution
		{0FCD0EEB-8F94-4368-9856-51A907E908CF}.Debug|x64.ActiveCfg = Debug|x64
		{0FCD0EEB-8F94-4368-9856-51A907E908CF}.Debug|x64.Build.0 = Debug|x64
		{0FCD0EEB-8F94-4368-9856-51A907E908CF}.Debug|x86.ActiveCfg = Debug|Win32
		{0FCD0EEB-8F94-4368-9856-51A907E908CF}.Debug|x86.Build.0 = Debug|Win32
		{0FCD0EEB-8F94-4368-9856-51A907E908CF}.Release|x64.ActiveCfg = Release|x64
		{0FCD0EEB-8F94-4368-9856-51A907E908CF}.Release|x64.Build.0 = Release|x64
		{0FCD0EEB-8F94-4368-9856-51A907E908CF}.Release|x86.ActiveCfg = Release|Win32
		{0FCD0EEB-8F94-4368-9856-51A907E908CF}.Release|x86.Build.0 = Release|Win32
	EndGlobalSection
	GlobalSection(SolutionProperties) = preSolution
		HideSolutionNode = FALSE
	EndGlobalSection
	GlobalSection(ExtensibilityGlobals) = postSolution
		SolutionGuid = {3FE6470C-7F1C-4ED7-B2FD-E733187D71F6}
	EndGlobalSection
EndGlobal
